
Microsoft Visual Studio Solution File, Format Version 12.00
# Visual Studio Version 16
VisualStudioVersion = 16.0.30717.126
MinimumVisualStudioVersion = 10.0.40219.1
Project("{FAE04EC0-301F-11D3-BF4B-00C04F79EFBC}") = "AutoWorkshop", "AutoWorkshop\AutoWorkshop.csproj", "{F2DD8ACF-8A69-423A-8492-79B213F9CD2B}"
EndProject
Global
	GlobalSection(SolutionConfigurationPlatforms) = preSolution
		Debug|Any CPU = Debug|Any CPU
		Release|Any CPU = Release|Any CPU
	EndGlobalSection
	GlobalSection(ProjectConfigurationPlatforms) = postSolution
		{F2DD8ACF-8A69-423A-8492-79B213F9CD2B}.Debug|Any CPU.ActiveCfg = Debug|Any CPU
		{F2DD8ACF-8A69-423A-8492-79B213F9CD2B}.Debug|Any CPU.Build.0 = Debug|Any CPU
		{F2DD8ACF-8A69-423A-8492-79B213F9CD2B}.Release|Any CPU.ActiveCfg = Release|Any CPU
		{F2DD8ACF-8A69-423A-8492-79B213F9CD2B}.Release|Any CPU.Build.0 = Release|Any CPU
	EndGlobalSection
	GlobalSection(SolutionProperties) = preSolution
		HideSolutionNode = FALSE
	EndGlobalSection
	GlobalSection(ExtensibilityGlobals) = postSolution
		SolutionGuid = {4CAD91BA-A4EF-4D05-9C93-7C469FC2830D}
	EndGlobalSection
EndGlobal
